// !$*UTF8*$!
{
	archiveVersion = 1;
	classes = {
	};
	objectVersion = 56;
	objects = {

/* Begin PBXBuildFile section */
		724DEC6F2D0091B700171F44 /* AppDelegate.swift in Sources */ = {isa = PBXBuildFile; fileRef = 724DEC6E2D0091B700171F44 /* AppDelegate.swift */; };
		724DEC712D0091B700171F44 /* SceneDelegate.swift in Sources */ = {isa = PBXBuildFile; fileRef = 724DEC702D0091B700171F44 /* SceneDelegate.swift */; };
		724DEC782D0091B800171F44 /* Assets.xcassets in Resources */ = {isa = PBXBuildFile; fileRef = 724DEC772D0091B800171F44 /* Assets.xcassets */; };
		724DEC7B2D0091B800171F44 /* Base in Resources */ = {isa = PBXBuildFile; fileRef = 724DEC7A2D0091B800171F44 /* Base */; };
		724DEC832D0091D800171F44 /* .gitignore in Resources */ = {isa = PBXBuildFile; fileRef = 724DEC822D0091D800171F44 /* .gitignore */; };
		724DEC892D00937300171F44 /* RxCocoa in Frameworks */ = {isa = PBXBuildFile; productRef = 724DEC882D00937300171F44 /* RxCocoa */; };
		724DEC8B2D00937300171F44 /* RxSwift in Frameworks */ = {isa = PBXBuildFile; productRef = 724DEC8A2D00937300171F44 /* RxSwift */; };
		724DEC8E2D00937F00171F44 /* SnapKit in Frameworks */ = {isa = PBXBuildFile; productRef = 724DEC8D2D00937F00171F44 /* SnapKit */; };
		724DEC912D00938800171F44 /* Alamofire in Frameworks */ = {isa = PBXBuildFile; productRef = 724DEC902D00938800171F44 /* Alamofire */; };
		724DEC942D00939100171F44 /* ReactorKit in Frameworks */ = {isa = PBXBuildFile; productRef = 724DEC932D00939100171F44 /* ReactorKit */; };
		724DEC972D01732C00171F44 /* BaseView.swift in Sources */ = {isa = PBXBuildFile; fileRef = 724DEC962D01732C00171F44 /* BaseView.swift */; };
		724DEC992D01734200171F44 /* BaseViewController.swift in Sources */ = {isa = PBXBuildFile; fileRef = 724DEC982D01734200171F44 /* BaseViewController.swift */; };
		724DEC9C2D01746A00171F44 /* ResourceFonts.swift in Sources */ = {isa = PBXBuildFile; fileRef = 724DEC9B2D01746A00171F44 /* ResourceFonts.swift */; };
		724DEC9E2D01749900171F44 /* AndongKaturiOTF.otf in Resources */ = {isa = PBXBuildFile; fileRef = 724DEC9D2D01749900171F44 /* AndongKaturiOTF.otf */; };
/* End PBXBuildFile section */

/* Begin PBXFileReference section */
		724DEC6B2D0091B700171F44 /* Tteolione.app */ = {isa = PBXFileReference; explicitFileType = wrapper.application; includeInIndex = 0; path = Tteolione.app; sourceTree = BUILT_PRODUCTS_DIR; };
		724DEC6E2D0091B700171F44 /* AppDelegate.swift */ = {isa = PBXFileReference; lastKnownFileType = sourcecode.swift; path = AppDelegate.swift; sourceTree = "<group>"; };
		724DEC702D0091B700171F44 /* SceneDelegate.swift */ = {isa = PBXFileReference; lastKnownFileType = sourcecode.swift; path = SceneDelegate.swift; sourceTree = "<group>"; };
		724DEC772D0091B800171F44 /* Assets.xcassets */ = {isa = PBXFileReference; lastKnownFileType = folder.assetcatalog; path = Assets.xcassets; sourceTree = "<group>"; };
		724DEC7A2D0091B800171F44 /* Base */ = {isa = PBXFileReference; lastKnownFileType = file.storyboard; name = Base; path = Base.lproj/LaunchScreen.storyboard; sourceTree = "<group>"; };
		724DEC7C2D0091B800171F44 /* Info.plist */ = {isa = PBXFileReference; lastKnownFileType = text.plist.xml; path = Info.plist; sourceTree = "<group>"; };
		724DEC822D0091D800171F44 /* .gitignore */ = {isa = PBXFileReference; lastKnownFileType = text; path = .gitignore; sourceTree = "<group>"; };
		724DEC962D01732C00171F44 /* BaseView.swift */ = {isa = PBXFileReference; lastKnownFileType = sourcecode.swift; path = BaseView.swift; sourceTree = "<group>"; };
		724DEC982D01734200171F44 /* BaseViewController.swift */ = {isa = PBXFileReference; lastKnownFileType = sourcecode.swift; path = BaseViewController.swift; sourceTree = "<group>"; };
		724DEC9B2D01746A00171F44 /* ResourceFonts.swift */ = {isa = PBXFileReference; lastKnownFileType = sourcecode.swift; path = ResourceFonts.swift; sourceTree = "<group>"; };
		724DEC9D2D01749900171F44 /* AndongKaturiOTF.otf */ = {isa = PBXFileReference; lastKnownFileType = file; path = AndongKaturiOTF.otf; sourceTree = "<group>"; };
/* End PBXFileReference section */

/* Begin PBXFrameworksBuildPhase section */
		724DEC682D0091B700171F44 /* Frameworks */ = {
			isa = PBXFrameworksBuildPhase;
			buildActionMask = 2147483647;
			files = (
				724DEC8E2D00937F00171F44 /* SnapKit in Frameworks */,
				724DEC912D00938800171F44 /* Alamofire in Frameworks */,
				724DEC8B2D00937300171F44 /* RxSwift in Frameworks */,
				724DEC942D00939100171F44 /* ReactorKit in Frameworks */,
				724DEC892D00937300171F44 /* RxCocoa in Frameworks */,
			);
			runOnlyForDeploymentPostprocessing = 0;
		};
/* End PBXFrameworksBuildPhase section */

/* Begin PBXGroup section */
		724DEC622D0091B700171F44 = {
			isa = PBXGroup;
			children = (
				724DEC822D0091D800171F44 /* .gitignore */,
				724DEC6D2D0091B700171F44 /* Tteolione */,
				724DEC6C2D0091B700171F44 /* Products */,
			);
			sourceTree = "<group>";
		};
		724DEC6C2D0091B700171F44 /* Products */ = {
			isa = PBXGroup;
			children = (
				724DEC6B2D0091B700171F44 /* Tteolione.app */,
			);
			name = Products;
			sourceTree = "<group>";
		};
		724DEC6D2D0091B700171F44 /* Tteolione */ = {
			isa = PBXGroup;
			children = (
				724DEC842D00930800171F44 /* Resources */,
				724DEC862D00933400171F44 /* Sources */,
				724DEC7C2D0091B800171F44 /* Info.plist */,
			);
			path = Tteolione;
			sourceTree = "<group>";
		};
		724DEC842D00930800171F44 /* Resources */ = {
			isa = PBXGroup;
			children = (
				724DEC6E2D0091B700171F44 /* AppDelegate.swift */,
				724DEC702D0091B700171F44 /* SceneDelegate.swift */,
				724DEC772D0091B800171F44 /* Assets.xcassets */,
				724DEC852D00931500171F44 /* StoryBoard */,
				724DEC9A2D01742400171F44 /* Fonts */,
			);
			path = Resources;
			sourceTree = "<group>";
		};
		724DEC852D00931500171F44 /* StoryBoard */ = {
			isa = PBXGroup;
			children = (
				724DEC792D0091B800171F44 /* LaunchScreen.storyboard */,
			);
			path = StoryBoard;
			sourceTree = "<group>";
		};
		724DEC862D00933400171F44 /* Sources */ = {
			isa = PBXGroup;
			children = (
				724DEC952D01732200171F44 /* Base */,
			);
			path = Sources;
			sourceTree = "<group>";
		};
		724DEC952D01732200171F44 /* Base */ = {
			isa = PBXGroup;
			children = (
				724DEC962D01732C00171F44 /* BaseView.swift */,
				724DEC982D01734200171F44 /* BaseViewController.swift */,
			);
			path = Base;
			sourceTree = "<group>";
		};
		724DEC9A2D01742400171F44 /* Fonts */ = {
			isa = PBXGroup;
			children = (
				724DEC9B2D01746A00171F44 /* ResourceFonts.swift */,
				724DEC9D2D01749900171F44 /* AndongKaturiOTF.otf */,
			);
			path = Fonts;
			sourceTree = "<group>";
		};
/* End PBXGroup section */

/* Begin PBXNativeTarget section */
		724DEC6A2D0091B700171F44 /* Tteolione */ = {
			isa = PBXNativeTarget;
			buildConfigurationList = 724DEC7F2D0091B800171F44 /* Build configuration list for PBXNativeTarget "Tteolione" */;
			buildPhases = (
				724DEC672D0091B700171F44 /* Sources */,
				724DEC682D0091B700171F44 /* Frameworks */,
				724DEC692D0091B700171F44 /* Resources */,
			);
			buildRules = (
			);
			dependencies = (
			);
			name = Tteolione;
			packageProductDependencies = (
				724DEC882D00937300171F44 /* RxCocoa */,
				724DEC8A2D00937300171F44 /* RxSwift */,
				724DEC8D2D00937F00171F44 /* SnapKit */,
				724DEC902D00938800171F44 /* Alamofire */,
				724DEC932D00939100171F44 /* ReactorKit */,
			);
			productName = Tteolione;
			productReference = 724DEC6B2D0091B700171F44 /* Tteolione.app */;
			productType = "com.apple.product-type.application";
		};
/* End PBXNativeTarget section */

/* Begin PBXProject section */
		724DEC632D0091B700171F44 /* Project object */ = {
			isa = PBXProject;
			attributes = {
				BuildIndependentTargetsInParallel = 1;
				LastSwiftUpdateCheck = 1530;
				LastUpgradeCheck = 1530;
				TargetAttributes = {
					724DEC6A2D0091B700171F44 = {
						CreatedOnToolsVersion = 15.3;
					};
				};
			};
			buildConfigurationList = 724DEC662D0091B700171F44 /* Build configuration list for PBXProject "Tteolione" */;
			compatibilityVersion = "Xcode 14.0";
			developmentRegion = en;
			hasScannedForEncodings = 0;
			knownRegions = (
				en,
				Base,
			);
			mainGroup = 724DEC622D0091B700171F44;
			packageReferences = (
				724DEC872D00937300171F44 /* XCRemoteSwiftPackageReference "RxSwift" */,
				724DEC8C2D00937F00171F44 /* XCRemoteSwiftPackageReference "SnapKit" */,
				724DEC8F2D00938800171F44 /* XCRemoteSwiftPackageReference "Alamofire" */,
				724DEC922D00939100171F44 /* XCRemoteSwiftPackageReference "ReactorKit" */,
			);
			productRefGroup = 724DEC6C2D0091B700171F44 /* Products */;
			projectDirPath = "";
			projectRoot = "";
			targets = (
				724DEC6A2D0091B700171F44 /* Tteolione */,
			);
		};
/* End PBXProject section */

/* Begin PBXResourcesBuildPhase section */
		724DEC692D0091B700171F44 /* Resources */ = {
			isa = PBXResourcesBuildPhase;
			buildActionMask = 2147483647;
			files = (
				724DEC832D0091D800171F44 /* .gitignore in Resources */,
				724DEC782D0091B800171F44 /* Assets.xcassets in Resources */,
				724DEC9E2D01749900171F44 /* AndongKaturiOTF.otf in Resources */,
				724DEC7B2D0091B800171F44 /* Base in Resources */,
			);
			runOnlyForDeploymentPostprocessing = 0;
		};
/* End PBXResourcesBuildPhase section */

/* Begin PBXSourcesBuildPhase section */
		724DEC672D0091B700171F44 /* Sources */ = {
			isa = PBXSourcesBuildPhase;
			buildActionMask = 2147483647;
			files = (
				724DEC972D01732C00171F44 /* BaseView.swift in Sources */,
				724DEC992D01734200171F44 /* BaseViewController.swift in Sources */,
				724DEC6F2D0091B700171F44 /* AppDelegate.swift in Sources */,
				724DEC712D0091B700171F44 /* SceneDelegate.swift in Sources */,
				724DEC9C2D01746A00171F44 /* ResourceFonts.swift in Sources */,
			);
			runOnlyForDeploymentPostprocessing = 0;
		};
/* End PBXSourcesBuildPhase section */

/* Begin PBXVariantGroup section */
		724DEC792D0091B800171F44 /* LaunchScreen.storyboard */ = {
			isa = PBXVariantGroup;
			children = (
				724DEC7A2D0091B800171F44 /* Base */,
			);
			name = LaunchScreen.storyboard;
			sourceTree = "<group>";
		};
/* End PBXVariantGroup section */

/* Begin XCBuildConfiguration section */
		724DEC7D2D0091B800171F44 /* Debug */ = {
			isa = XCBuildConfiguration;
			buildSettings = {
				ALWAYS_SEARCH_USER_PATHS = NO;
				ASSETCATALOG_COMPILER_GENERATE_SWIFT_ASSET_SYMBOL_EXTENSIONS = YES;
				CLANG_ANALYZER_NONNULL = YES;
				CLANG_ANALYZER_NUMBER_OBJECT_CONVERSION = YES_AGGRESSIVE;
				CLANG_CXX_LANGUAGE_STANDARD = "gnu++20";
				CLANG_ENABLE_MODULES = YES;
				CLANG_ENABLE_OBJC_ARC = YES;
				CLANG_ENABLE_OBJC_WEAK = YES;
				CLANG_WARN_BLOCK_CAPTURE_AUTORELEASING = YES;
				CLANG_WARN_BOOL_CONVERSION = YES;
				CLANG_WARN_COMMA = YES;
				CLANG_WARN_CONSTANT_CONVERSION = YES;
				CLANG_WARN_DEPRECATED_OBJC_IMPLEMENTATIONS = YES;
				CLANG_WARN_DIRECT_OBJC_ISA_USAGE = YES_ERROR;
				CLANG_WARN_DOCUMENTATION_COMMENTS = YES;
				CLANG_WARN_EMPTY_BODY = YES;
				CLANG_WARN_ENUM_CONVERSION = YES;
				CLANG_WARN_INFINITE_RECURSION = YES;
				CLANG_WARN_INT_CONVERSION = YES;
				CLANG_WARN_NON_LITERAL_NULL_CONVERSION = YES;
				CLANG_WARN_OBJC_IMPLICIT_RETAIN_SELF = YES;
				CLANG_WARN_OBJC_LITERAL_CONVERSION = YES;
				CLANG_WARN_OBJC_ROOT_CLASS = YES_ERROR;
				CLANG_WARN_QUOTED_INCLUDE_IN_FRAMEWORK_HEADER = YES;
				CLANG_WARN_RANGE_LOOP_ANALYSIS = YES;
				CLANG_WARN_STRICT_PROTOTYPES = YES;
				CLANG_WARN_SUSPICIOUS_MOVE = YES;
				CLANG_WARN_UNGUARDED_AVAILABILITY = YES_AGGRESSIVE;
				CLANG_WARN_UNREACHABLE_CODE = YES;
				CLANG_WARN__DUPLICATE_METHOD_MATCH = YES;
				COPY_PHASE_STRIP = NO;
				DEBUG_INFORMATION_FORMAT = dwarf;
				ENABLE_STRICT_OBJC_MSGSEND = YES;
				ENABLE_TESTABILITY = YES;
				ENABLE_USER_SCRIPT_SANDBOXING = YES;
				GCC_C_LANGUAGE_STANDARD = gnu17;
				GCC_DYNAMIC_NO_PIC = NO;
				GCC_NO_COMMON_BLOCKS = YES;
				GCC_OPTIMIZATION_LEVEL = 0;
				GCC_PREPROCESSOR_DEFINITIONS = (
					"DEBUG=1",
					"$(inherited)",
				);
				GCC_WARN_64_TO_32_BIT_CONVERSION = YES;
				GCC_WARN_ABOUT_RETURN_TYPE = YES_ERROR;
				GCC_WARN_UNDECLARED_SELECTOR = YES;
				GCC_WARN_UNINITIALIZED_AUTOS = YES_AGGRESSIVE;
				GCC_WARN_UNUSED_FUNCTION = YES;
				GCC_WARN_UNUSED_VARIABLE = YES;
				IPHONEOS_DEPLOYMENT_TARGET = 17.4;
				LOCALIZATION_PREFERS_STRING_CATALOGS = YES;
				MTL_ENABLE_DEBUG_INFO = INCLUDE_SOURCE;
				MTL_FAST_MATH = YES;
				ONLY_ACTIVE_ARCH = YES;
				SDKROOT = iphoneos;
				SWIFT_ACTIVE_COMPILATION_CONDITIONS = "DEBUG $(inherited)";
				SWIFT_OPTIMIZATION_LEVEL = "-Onone";
			};
			name = Debug;
		};
		724DEC7E2D0091B800171F44 /* Release */ = {
			isa = XCBuildConfiguration;
			buildSettings = {
				ALWAYS_SEARCH_USER_PATHS = NO;
				ASSETCATALOG_COMPILER_GENERATE_SWIFT_ASSET_SYMBOL_EXTENSIONS = YES;
				CLANG_ANALYZER_NONNULL = YES;
				CLANG_ANALYZER_NUMBER_OBJECT_CONVERSION = YES_AGGRESSIVE;
				CLANG_CXX_LANGUAGE_STANDARD = "gnu++20";
				CLANG_ENABLE_MODULES = YES;
				CLANG_ENABLE_OBJC_ARC = YES;
				CLANG_ENABLE_OBJC_WEAK = YES;
				CLANG_WARN_BLOCK_CAPTURE_AUTORELEASING = YES;
				CLANG_WARN_BOOL_CONVERSION = YES;
				CLANG_WARN_COMMA = YES;
				CLANG_WARN_CONSTANT_CONVERSION = YES;
				CLANG_WARN_DEPRECATED_OBJC_IMPLEMENTATIONS = YES;
				CLANG_WARN_DIRECT_OBJC_ISA_USAGE = YES_ERROR;
				CLANG_WARN_DOCUMENTATION_COMMENTS = YES;
				CLANG_WARN_EMPTY_BODY = YES;
				CLANG_WARN_ENUM_CONVERSION = YES;
				CLANG_WARN_INFINITE_RECURSION = YES;
				CLANG_WARN_INT_CONVERSION = YES;
				CLANG_WARN_NON_LITERAL_NULL_CONVERSION = YES;
				CLANG_WARN_OBJC_IMPLICIT_RETAIN_SELF = YES;
				CLANG_WARN_OBJC_LITERAL_CONVERSION = YES;
				CLANG_WARN_OBJC_ROOT_CLASS = YES_ERROR;
				CLANG_WARN_QUOTED_INCLUDE_IN_FRAMEWORK_HEADER = YES;
				CLANG_WARN_RANGE_LOOP_ANALYSIS = YES;
				CLANG_WARN_STRICT_PROTOTYPES = YES;
				CLANG_WARN_SUSPICIOUS_MOVE = YES;
				CLANG_WARN_UNGUARDED_AVAILABILITY = YES_AGGRESSIVE;
				CLANG_WARN_UNREACHABLE_CODE = YES;
				CLANG_WARN__DUPLICATE_METHOD_MATCH = YES;
				COPY_PHASE_STRIP = NO;
				DEBUG_INFORMATION_FORMAT = "dwarf-with-dsym";
				ENABLE_NS_ASSERTIONS = NO;
				ENABLE_STRICT_OBJC_MSGSEND = YES;
				ENABLE_USER_SCRIPT_SANDBOXING = YES;
				GCC_C_LANGUAGE_STANDARD = gnu17;
				GCC_NO_COMMON_BLOCKS = YES;
				GCC_WARN_64_TO_32_BIT_CONVERSION = YES;
				GCC_WARN_ABOUT_RETURN_TYPE = YES_ERROR;
				GCC_WARN_UNDECLARED_SELECTOR = YES;
				GCC_WARN_UNINITIALIZED_AUTOS = YES_AGGRESSIVE;
				GCC_WARN_UNUSED_FUNCTION = YES;
				GCC_WARN_UNUSED_VARIABLE = YES;
				IPHONEOS_DEPLOYMENT_TARGET = 17.4;
				LOCALIZATION_PREFERS_STRING_CATALOGS = YES;
				MTL_ENABLE_DEBUG_INFO = NO;
				MTL_FAST_MATH = YES;
				SDKROOT = iphoneos;
				SWIFT_COMPILATION_MODE = wholemodule;
				VALIDATE_PRODUCT = YES;
			};
			name = Release;
		};
		724DEC802D0091B800171F44 /* Debug */ = {
			isa = XCBuildConfiguration;
			buildSettings = {
				ASSETCATALOG_COMPILER_APPICON_NAME = AppIcon;
				ASSETCATALOG_COMPILER_GLOBAL_ACCENT_COLOR_NAME = AccentColor;
				CODE_SIGN_STYLE = Automatic;
				CURRENT_PROJECT_VERSION = 1;
				DEVELOPMENT_TEAM = QQN262X7KM;
				GENERATE_INFOPLIST_FILE = YES;
				INFOPLIST_FILE = Tteolione/Info.plist;
				INFOPLIST_KEY_UIApplicationSupportsIndirectInputEvents = YES;
				INFOPLIST_KEY_UILaunchStoryboardName = LaunchScreen;
				INFOPLIST_KEY_UISupportedInterfaceOrientations = UIInterfaceOrientationPortrait;
				INFOPLIST_KEY_UISupportedInterfaceOrientations_iPad = UIInterfaceOrientationPortrait;
				IPHONEOS_DEPLOYMENT_TARGET = 16.0;
				LD_RUNPATH_SEARCH_PATHS = (
					"$(inherited)",
					"@executable_path/Frameworks",
				);
				MARKETING_VERSION = 1.0;
				PRODUCT_BUNDLE_IDENTIFIER = com.Jun.Tteolione;
				PRODUCT_NAME = "$(TARGET_NAME)";
				SUPPORTED_PLATFORMS = "iphoneos iphonesimulator";
				SUPPORTS_MACCATALYST = NO;
				SUPPORTS_MAC_DESIGNED_FOR_IPHONE_IPAD = NO;
				SUPPORTS_XR_DESIGNED_FOR_IPHONE_IPAD = NO;
				SWIFT_EMIT_LOC_STRINGS = YES;
				SWIFT_VERSION = 5.0;
				TARGETED_DEVICE_FAMILY = 1;
			};
			name = Debug;
		};
		724DEC812D0091B800171F44 /* Release */ = {
			isa = XCBuildConfiguration;
			buildSettings = {
				ASSETCATALOG_COMPILER_APPICON_NAME = AppIcon;
				ASSETCATALOG_COMPILER_GLOBAL_ACCENT_COLOR_NAME = AccentColor;
				CODE_SIGN_STYLE = Automatic;
				CURRENT_PROJECT_VERSION = 1;
				DEVELOPMENT_TEAM = QQN262X7KM;
				GENERATE_INFOPLIST_FILE = YES;
				INFOPLIST_FILE = Tteolione/Info.plist;
				INFOPLIST_KEY_UIApplicationSupportsIndirectInputEvents = YES;
				INFOPLIST_KEY_UILaunchStoryboardName = LaunchScreen;
				INFOPLIST_KEY_UISupportedInterfaceOrientations = UIInterfaceOrientationPortrait;
				INFOPLIST_KEY_UISupportedInterfaceOrientations_iPad = UIInterfaceOrientationPortrait;
				IPHONEOS_DEPLOYMENT_TARGET = 16.0;
				LD_RUNPATH_SEARCH_PATHS = (
					"$(inherited)",
					"@executable_path/Frameworks",
				);
				MARKETING_VERSION = 1.0;
				PRODUCT_BUNDLE_IDENTIFIER = com.Jun.Tteolione;
				PRODUCT_NAME = "$(TARGET_NAME)";
				SUPPORTED_PLATFORMS = "iphoneos iphonesimulator";
				SUPPORTS_MACCATALYST = NO;
				SUPPORTS_MAC_DESIGNED_FOR_IPHONE_IPAD = NO;
				SUPPORTS_XR_DESIGNED_FOR_IPHONE_IPAD = NO;
				SWIFT_EMIT_LOC_STRINGS = YES;
				SWIFT_VERSION = 5.0;
				TARGETED_DEVICE_FAMILY = 1;
			};
			name = Release;
		};
/* End XCBuildConfiguration section */

/* Begin XCConfigurationList section */
		724DEC662D0091B700171F44 /* Build configuration list for PBXProject "Tteolione" */ = {
			isa = XCConfigurationList;
			buildConfigurations = (
				724DEC7D2D0091B800171F44 /* Debug */,
				724DEC7E2D0091B800171F44 /* Release */,
			);
			defaultConfigurationIsVisible = 0;
			defaultConfigurationName = Release;
		};
		724DEC7F2D0091B800171F44 /* Build configuration list for PBXNativeTarget "Tteolione" */ = {
			isa = XCConfigurationList;
			buildConfigurations = (
				724DEC802D0091B800171F44 /* Debug */,
				724DEC812D0091B800171F44 /* Release */,
			);
			defaultConfigurationIsVisible = 0;
			defaultConfigurationName = Release;
		};
/* End XCConfigurationList section */

/* Begin XCRemoteSwiftPackageReference section */
		724DEC872D00937300171F44 /* XCRemoteSwiftPackageReference "RxSwift" */ = {
			isa = XCRemoteSwiftPackageReference;
			repositoryURL = "https://github.com/ReactiveX/RxSwift.git";
			requirement = {
				kind = upToNextMajorVersion;
				minimumVersion = 6.8.0;
			};
		};
		724DEC8C2D00937F00171F44 /* XCRemoteSwiftPackageReference "SnapKit" */ = {
			isa = XCRemoteSwiftPackageReference;
			repositoryURL = "https://github.com/SnapKit/SnapKit.git";
			requirement = {
				kind = upToNextMajorVersion;
				minimumVersion = 5.7.1;
			};
		};
		724DEC8F2D00938800171F44 /* XCRemoteSwiftPackageReference "Alamofire" */ = {
			isa = XCRemoteSwiftPackageReference;
			repositoryURL = "https://github.com/Alamofire/Alamofire";
			requirement = {
				kind = upToNextMajorVersion;
				minimumVersion = 5.10.2;
			};
		};
		724DEC922D00939100171F44 /* XCRemoteSwiftPackageReference "ReactorKit" */ = {
			isa = XCRemoteSwiftPackageReference;
			repositoryURL = "https://github.com/ReactorKit/ReactorKit.git";
			requirement = {
				kind = upToNextMajorVersion;
				minimumVersion = 3.2.0;
			};
		};
/* End XCRemoteSwiftPackageReference section */

/* Begin XCSwiftPackageProductDependency section */
		724DEC882D00937300171F44 /* RxCocoa */ = {
			isa = XCSwiftPackageProductDependency;
			package = 724DEC872D00937300171F44 /* XCRemoteSwiftPackageReference "RxSwift" */;
			productName = RxCocoa;
		};
		724DEC8A2D00937300171F44 /* RxSwift */ = {
			isa = XCSwiftPackageProductDependency;
			package = 724DEC872D00937300171F44 /* XCRemoteSwiftPackageReference "RxSwift" */;
			productName = RxSwift;
		};
		724DEC8D2D00937F00171F44 /* SnapKit */ = {
			isa = XCSwiftPackageProductDependency;
			package = 724DEC8C2D00937F00171F44 /* XCRemoteSwiftPackageReference "SnapKit" */;
			productName = SnapKit;
		};
		724DEC902D00938800171F44 /* Alamofire */ = {
			isa = XCSwiftPackageProductDependency;
			package = 724DEC8F2D00938800171F44 /* XCRemoteSwiftPackageReference "Alamofire" */;
			productName = Alamofire;
		};
		724DEC932D00939100171F44 /* ReactorKit */ = {
			isa = XCSwiftPackageProductDependency;
			package = 724DEC922D00939100171F44 /* XCRemoteSwiftPackageReference "ReactorKit" */;
			productName = ReactorKit;
		};
/* End XCSwiftPackageProductDependency section */
	};
	rootObject = 724DEC632D0091B700171F44 /* Project object */;
}
